{
  "nodes": {
    "nixpkgs": {
      "locked": {
        "lastModified": 1782031705,
        "narHash": "sha256-H5plMGClCbgELTHR0ygEQUgKH9ws+veNZMQ2GafaBRM=",
        "owner": "fengmk2",
        "repo": "nixpkgs",
        "rev": "b8e7233330e64176ff2df1f8529a48497047775b",
        "type": "github"
      },
      "original": {
        "owner": "fengmk2",
        "ref": "vite-plus-init",
        "repo": "nixpkgs",
        "type": "github"
      }
    },
    "root": {
      "inputs": {
        "nixpkgs": "nixpkgs"
      }
    }
  },
  "root": "root",
  "version": 7
}
