{
  "nodes": {
    "nixpkgs": {
      "locked": {
        "lastModified": 1782030320,
        "narHash": "sha256-v2B/U3tkIngZwUNhevwYDDBAzdbJN5j5soB8422Yqbk=",
        "owner": "fengmk2",
        "repo": "nixpkgs",
        "rev": "e417d9ec735dc0ff75e1693a09aebb613c0ff19c",
        "type": "github"
      },
      "original": {
        "owner": "fengmk2",
        "ref": "vite-plus-init",
        "repo": "nixpkgs",
        "type": "github"
      }
    },
    "root": {
      "inputs": {
        "nixpkgs": "nixpkgs"
      }
    }
  },
  "root": "root",
  "version": 7
}
