{
  "nodes": {
    "nixpkgs": {
      "locked": {
        "lastModified": 1782043817,
        "narHash": "sha256-uGUIfE3AiiebwP9LKwCFFaXfW5fz85C/q/+OJJUij/c=",
        "owner": "fengmk2",
        "repo": "nixpkgs",
        "rev": "3e6d32d6a2a70090661d156913b26a443a74f68c",
        "type": "github"
      },
      "original": {
        "owner": "fengmk2",
        "ref": "vite-plus-init",
        "repo": "nixpkgs",
        "type": "github"
      }
    },
    "root": {
      "inputs": {
        "nixpkgs": "nixpkgs"
      }
    }
  },
  "root": "root",
  "version": 7
}
